// !$*UTF8*$!
{
	archiveVersion = 1;
	classes = {
	};
	objectVersion = 46;
	objects = {

/* Begin PBXBuildFile section */
		1AC0FF1E1987C57D001921B0 /* Foundation.framework in Frameworks */ = {isa = PBXBuildFile; fileRef = 1AC0FF1D1987C57D001921B0 /* Foundation.framework */; };
		1AC0FF201987C57D001921B0 /* CoreGraphics.framework in Frameworks */ = {isa = PBXBuildFile; fileRef = 1AC0FF1F1987C57D001921B0 /* CoreGraphics.framework */; };
		1AC0FF221987C57D001921B0 /* UIKit.framework in Frameworks */ = {isa = PBXBuildFile; fileRef = 1AC0FF211987C57D001921B0 /* UIKit.framework */; };
		1AC0FF281987C57D001921B0 /* InfoPlist.strings in Resources */ = {isa = PBXBuildFile; fileRef = 1AC0FF261987C57D001921B0 /* InfoPlist.strings */; };
		1AC0FF2A1987C57D001921B0 /* main.m in Sources */ = {isa = PBXBuildFile; fileRef = 1AC0FF291987C57D001921B0 /* main.m */; };
		1AC0FF2E1987C57D001921B0 /* AppDelegate.m in Sources */ = {isa = PBXBuildFile; fileRef = 1AC0FF2D1987C57D001921B0 /* AppDelegate.m */; };
		1AC0FF301987C57D001921B0 /* Images.xcassets in Resources */ = {isa = PBXBuildFile; fileRef = 1AC0FF2F1987C57D001921B0 /* Images.xcassets */; };
		1AC0FF371987C57D001921B0 /* XCTest.framework in Frameworks */ = {isa = PBXBuildFile; fileRef = 1AC0FF361987C57D001921B0 /* XCTest.framework */; };
		1AC0FF381987C57D001921B0 /* Foundation.framework in Frameworks */ = {isa = PBXBuildFile; fileRef = 1AC0FF1D1987C57D001921B0 /* Foundation.framework */; };
		1AC0FF391987C57D001921B0 /* UIKit.framework in Frameworks */ = {isa = PBXBuildFile; fileRef = 1AC0FF211987C57D001921B0 /* UIKit.framework */; };
		1AC0FF411987C57D001921B0 /* InfoPlist.strings in Resources */ = {isa = PBXBuildFile; fileRef = 1AC0FF3F1987C57D001921B0 /* InfoPlist.strings */; };
		1AC0FF431987C57D001921B0 /* YiBaiTests.m in Sources */ = {isa = PBXBuildFile; fileRef = 1AC0FF421987C57D001921B0 /* YiBaiTests.m */; };
/* End PBXBuildFile section */

/* Begin PBXContainerItemProxy section */
		1AC0FF3A1987C57D001921B0 /* PBXContainerItemProxy */ = {
			isa = PBXContainerItemProxy;
			containerPortal = 1AC0FF121987C57D001921B0 /* Project object */;
			proxyType = 1;
			remoteGlobalIDString = 1AC0FF191987C57D001921B0;
			remoteInfo = YiBai;
		};
/* End PBXContainerItemProxy section */

/* Begin PBXFileReference section */
		1AC0FF1A1987C57D001921B0 /* YiBai.app */ = {isa = PBXFileReference; explicitFileType = wrapper.application; includeInIndex = 0; path = YiBai.app; sourceTree = BUILT_PRODUCTS_DIR; };
		1AC0FF1D1987C57D001921B0 /* Foundation.framework */ = {isa = PBXFileReference; lastKnownFileType = wrapper.framework; name = Foundation.framework; path = System/Library/Frameworks/Foundation.framework; sourceTree = SDKROOT; };
		1AC0FF1F1987C57D001921B0 /* CoreGraphics.framework */ = {isa = PBXFileReference; lastKnownFileType = wrapper.framework; name = CoreGraphics.framework; path = System/Library/Frameworks/CoreGraphics.framework; sourceTree = SDKROOT; };
		1AC0FF211987C57D001921B0 /* UIKit.framework */ = {isa = PBXFileReference; lastKnownFileType = wrapper.framework; name = UIKit.framework; path = System/Library/Frameworks/UIKit.framework; sourceTree = SDKROOT; };
		1AC0FF251987C57D001921B0 /* YiBai-Info.plist */ = {isa = PBXFileReference; lastKnownFileType = text.plist.xml; path = "YiBai-Info.plist"; sourceTree = "<group>"; };
		1AC0FF271987C57D001921B0 /* en */ = {isa = PBXFileReference; lastKnownFileType = text.plist.strings; name = en; path = en.lproj/InfoPlist.strings; sourceTree = "<group>"; };
		1AC0FF291987C57D001921B0 /* main.m */ = {isa = PBXFileReference; lastKnownFileType = sourcecode.c.objc; path = main.m; sourceTree = "<group>"; };
		1AC0FF2B1987C57D001921B0 /* YiBai-Prefix.pch */ = {isa = PBXFileReference; lastKnownFileType = sourcecode.c.h; path = "YiBai-Prefix.pch"; sourceTree = "<group>"; };
		1AC0FF2C1987C57D001921B0 /* AppDelegate.h */ = {isa = PBXFileReference; lastKnownFileType = sourcecode.c.h; path = AppDelegate.h; sourceTree = "<group>"; };
		1AC0FF2D1987C57D001921B0 /* AppDelegate.m */ = {isa = PBXFileReference; lastKnownFileType = sourcecode.c.objc; path = AppDelegate.m; sourceTree = "<group>"; };
		1AC0FF2F1987C57D001921B0 /* Images.xcassets */ = {isa = PBXFileReference; lastKnownFileType = folder.assetcatalog; path = Images.xcassets; sourceTree = "<group>"; };
		1AC0FF351987C57D001921B0 /* YiBaiTests.xctest */ = {isa = PBXFileReference; explicitFileType = wrapper.cfbundle; includeInIndex = 0; path = YiBaiTests.xctest; sourceTree = BUILT_PRODUCTS_DIR; };
		1AC0FF361987C57D001921B0 /* XCTest.framework */ = {isa = PBXFileReference; lastKnownFileType = wrapper.framework; name = XCTest.framework; path = Library/Frameworks/XCTest.framework; sourceTree = DEVELOPER_DIR; };
		1AC0FF3E1987C57D001921B0 /* YiBaiTests-Info.plist */ = {isa = PBXFileReference; lastKnownFileType = text.plist.xml; path = "YiBaiTests-Info.plist"; sourceTree = "<group>"; };
		1AC0FF401987C57D001921B0 /* en */ = {isa = PBXFileReference; lastKnownFileType = text.plist.strings; name = en; path = en.lproj/InfoPlist.strings; sourceTree = "<group>"; };
		1AC0FF421987C57D001921B0 /* YiBaiTests.m */ = {isa = PBXFileReference; lastKnownFileType = sourcecode.c.objc; path = YiBaiTests.m; sourceTree = "<group>"; };
/* End PBXFileReference section */

/* Begin PBXFrameworksBuildPhase section */
		1AC0FF171987C57D001921B0 /* Frameworks */ = {
			isa = PBXFrameworksBuildPhase;
			buildActionMask = 2147483647;
			files = (
				1AC0FF201987C57D001921B0 /* CoreGraphics.framework in Frameworks */,
				1AC0FF221987C57D001921B0 /* UIKit.framework in Frameworks */,
				1AC0FF1E1987C57D001921B0 /* Foundation.framework in Frameworks */,
			);
			runOnlyForDeploymentPostprocessing = 0;
		};
		1AC0FF321987C57D001921B0 /* Frameworks */ = {
			isa = PBXFrameworksBuildPhase;
			buildActionMask = 2147483647;
			files = (
				1AC0FF371987C57D001921B0 /* XCTest.framework in Frameworks */,
				1AC0FF391987C57D001921B0 /* UIKit.framework in Frameworks */,
				1AC0FF381987C57D001921B0 /* Foundation.framework in Frameworks */,
			);
			runOnlyForDeploymentPostprocessing = 0;
		};
/* End PBXFrameworksBuildPhase section */

/* Begin PBXGroup section */
		1AC0FF111987C57D001921B0 = {
			isa = PBXGroup;
			children = (
				1AC0FF231987C57D001921B0 /* YiBai */,
				1AC0FF3C1987C57D001921B0 /* YiBaiTests */,
				1AC0FF1C1987C57D001921B0 /* Frameworks */,
				1AC0FF1B1987C57D001921B0 /* Products */,
			);
			sourceTree = "<group>";
		};
		1AC0FF1B1987C57D001921B0 /* Products */ = {
			isa = PBXGroup;
			children = (
				1AC0FF1A1987C57D001921B0 /* YiBai.app */,
				1AC0FF351987C57D001921B0 /* YiBaiTests.xctest */,
			);
			name = Products;
			sourceTree = "<group>";
		};
		1AC0FF1C1987C57D001921B0 /* Frameworks */ = {
			isa = PBXGroup;
			children = (
				1AC0FF1D1987C57D001921B0 /* Foundation.framework */,
				1AC0FF1F1987C57D001921B0 /* CoreGraphics.framework */,
				1AC0FF211987C57D001921B0 /* UIKit.framework */,
				1AC0FF361987C57D001921B0 /* XCTest.framework */,
			);
			name = Frameworks;
			sourceTree = "<group>";
		};
		1AC0FF231987C57D001921B0 /* YiBai */ = {
			isa = PBXGroup;
			children = (
				1AC0FF2C1987C57D001921B0 /* AppDelegate.h */,
				1AC0FF2D1987C57D001921B0 /* AppDelegate.m */,
				1AC0FF2F1987C57D001921B0 /* Images.xcassets */,
				1AC0FF241987C57D001921B0 /* Supporting Files */,
			);
			path = YiBai;
			sourceTree = "<group>";
		};
		1AC0FF241987C57D001921B0 /* Supporting Files */ = {
			isa = PBXGroup;
			children = (
				1AC0FF251987C57D001921B0 /* YiBai-Info.plist */,
				1AC0FF261987C57D001921B0 /* InfoPlist.strings */,
				1AC0FF291987C57D001921B0 /* main.m */,
				1AC0FF2B1987C57D001921B0 /* YiBai-Prefix.pch */,
			);
			name = "Supporting Files";
			sourceTree = "<group>";
		};
		1AC0FF3C1987C57D001921B0 /* YiBaiTests */ = {
			isa = PBXGroup;
			children = (
				1AC0FF421987C57D001921B0 /* YiBaiTests.m */,
				1AC0FF3D1987C57D001921B0 /* Supporting Files */,
			);
			path = YiBaiTests;
			sourceTree = "<group>";
		};
		1AC0FF3D1987C57D001921B0 /* Supporting Files */ = {
			isa = PBXGroup;
			children = (
				1AC0FF3E1987C57D001921B0 /* YiBaiTests-Info.plist */,
				1AC0FF3F1987C57D001921B0 /* InfoPlist.strings */,
			);
			name = "Supporting Files";
			sourceTree = "<group>";
		};
/* End PBXGroup section */

/* Begin PBXNativeTarget section */
		1AC0FF191987C57D001921B0 /* YiBai */ = {
			isa = PBXNativeTarget;
			buildConfigurationList = 1AC0FF461987C57D001921B0 /* Build configuration list for PBXNativeTarget "YiBai" */;
			buildPhases = (
				1AC0FF161987C57D001921B0 /* Sources */,
				1AC0FF171987C57D001921B0 /* Frameworks */,
				1AC0FF181987C57D001921B0 /* Resources */,
			);
			buildRules = (
			);
			dependencies = (
			);
			name = YiBai;
			productName = YiBai;
			productReference = 1AC0FF1A1987C57D001921B0 /* YiBai.app */;
			productType = "com.apple.product-type.application";
		};
		1AC0FF341987C57D001921B0 /* YiBaiTests */ = {
			isa = PBXNativeTarget;
			buildConfigurationList = 1AC0FF491987C57D001921B0 /* Build configuration list for PBXNativeTarget "YiBaiTests" */;
			buildPhases = (
				1AC0FF311987C57D001921B0 /* Sources */,
				1AC0FF321987C57D001921B0 /* Frameworks */,
				1AC0FF331987C57D001921B0 /* Resources */,
			);
			buildRules = (
			);
			dependencies = (
				1AC0FF3B1987C57D001921B0 /* PBXTargetDependency */,
			);
			name = YiBaiTests;
			productName = YiBaiTests;
			productReference = 1AC0FF351987C57D001921B0 /* YiBaiTests.xctest */;
			productType = "com.apple.product-type.bundle.unit-test";
		};
/* End PBXNativeTarget section */

/* Begin PBXProject section */
		1AC0FF121987C57D001921B0 /* Project object */ = {
			isa = PBXProject;
			attributes = {
				LastUpgradeCheck = 0510;
				ORGANIZATIONNAME = yaoliyang;
				TargetAttributes = {
					1AC0FF341987C57D001921B0 = {
						TestTargetID = 1AC0FF191987C57D001921B0;
					};
				};
			};
			buildConfigurationList = 1AC0FF151987C57D001921B0 /* Build configuration list for PBXProject "YiBai" */;
			compatibilityVersion = "Xcode 3.2";
			developmentRegion = English;
			hasScannedForEncodings = 0;
			knownRegions = (
				en,
			);
			mainGroup = 1AC0FF111987C57D001921B0;
			productRefGroup = 1AC0FF1B1987C57D001921B0 /* Products */;
			projectDirPath = "";
			projectRoot = "";
			targets = (
				1AC0FF191987C57D001921B0 /* YiBai */,
				1AC0FF341987C57D001921B0 /* YiBaiTests */,
			);
		};
/* End PBXProject section */

/* Begin PBXResourcesBuildPhase section */
		1AC0FF181987C57D001921B0 /* Resources */ = {
			isa = PBXResourcesBuildPhase;
			buildActionMask = 2147483647;
			files = (
				1AC0FF281987C57D001921B0 /* InfoPlist.strings in Resources */,
				1AC0FF301987C57D001921B0 /* Images.xcassets in Resources */,
			);
			runOnlyForDeploymentPostprocessing = 0;
		};
		1AC0FF331987C57D001921B0 /* Resources */ = {
			isa = PBXResourcesBuildPhase;
			buildActionMask = 2147483647;
			files = (
				1AC0FF411987C57D001921B0 /* InfoPlist.strings in Resources */,
			);
			runOnlyForDeploymentPostprocessing = 0;
		};
/* End PBXResourcesBuildPhase section */

/* Begin PBXSourcesBuildPhase section */
		1AC0FF161987C57D001921B0 /* Sources */ = {
			isa = PBXSourcesBuildPhase;
			buildActionMask = 2147483647;
			files = (
				1AC0FF2E1987C57D001921B0 /* AppDelegate.m in Sources */,
				1AC0FF2A1987C57D001921B0 /* main.m in Sources */,
			);
			runOnlyForDeploymentPostprocessing = 0;
		};
		1AC0FF311987C57D001921B0 /* Sources */ = {
			isa = PBXSourcesBuildPhase;
			buildActionMask = 2147483647;
			files = (
				1AC0FF431987C57D001921B0 /* YiBaiTests.m in Sources */,
			);
			runOnlyForDeploymentPostprocessing = 0;
		};
/* End PBXSourcesBuildPhase section */

/* Begin PBXTargetDependency section */
		1AC0FF3B1987C57D001921B0 /* PBXTargetDependency */ = {
			isa = PBXTargetDependency;
			target = 1AC0FF191987C57D001921B0 /* YiBai */;
			targetProxy = 1AC0FF3A1987C57D001921B0 /* PBXContainerItemProxy */;
		};
/* End PBXTargetDependency section */

/* Begin PBXVariantGroup section */
		1AC0FF261987C57D001921B0 /* InfoPlist.strings */ = {
			isa = PBXVariantGroup;
			children = (
				1AC0FF271987C57D001921B0 /* en */,
			);
			name = InfoPlist.strings;
			sourceTree = "<group>";
		};
		1AC0FF3F1987C57D001921B0 /* InfoPlist.strings */ = {
			isa = PBXVariantGroup;
			children = (
				1AC0FF401987C57D001921B0 /* en */,
			);
			name = InfoPlist.strings;
			sourceTree = "<group>";
		};
/* End PBXVariantGroup section */

/* Begin XCBuildConfiguration section */
		1AC0FF441987C57D001921B0 /* Debug */ = {
			isa = XCBuildConfiguration;
			buildSettings = {
				ALWAYS_SEARCH_USER_PATHS = NO;
				CLANG_CXX_LANGUAGE_STANDARD = "gnu++0x";
				CLANG_CXX_LIBRARY = "libc++";
				CLANG_ENABLE_MODULES = YES;
				CLANG_ENABLE_OBJC_ARC = YES;
				CLANG_WARN_BOOL_CONVERSION = YES;
				CLANG_WARN_CONSTANT_CONVERSION = YES;
				CLANG_WARN_DIRECT_OBJC_ISA_USAGE = YES_ERROR;
				CLANG_WARN_EMPTY_BODY = YES;
				CLANG_WARN_ENUM_CONVERSION = YES;
				CLANG_WARN_INT_CONVERSION = YES;
				CLANG_WARN_OBJC_ROOT_CLASS = YES_ERROR;
				CLANG_WARN__DUPLICATE_METHOD_MATCH = YES;
				"CODE_SIGN_IDENTITY[sdk=iphoneos*]" = "iPhone Developer";
				COPY_PHASE_STRIP = NO;
				GCC_C_LANGUAGE_STANDARD = gnu99;
				GCC_DYNAMIC_NO_PIC = NO;
				GCC_OPTIMIZATION_LEVEL = 0;
				GCC_PREPROCESSOR_DEFINITIONS = (
					"DEBUG=1",
					"$(inherited)",
				);
				GCC_SYMBOLS_PRIVATE_EXTERN = NO;
				GCC_WARN_64_TO_32_BIT_CONVERSION = YES;
				GCC_WARN_ABOUT_RETURN_TYPE = YES_ERROR;
				GCC_WARN_UNDECLARED_SELECTOR = YES;
				GCC_WARN_UNINITIALIZED_AUTOS = YES_AGGRESSIVE;
				GCC_WARN_UNUSED_FUNCTION = YES;
				GCC_WARN_UNUSED_VARIABLE = YES;
				IPHONEOS_DEPLOYMENT_TARGET = 7.1;
				ONLY_ACTIVE_ARCH = YES;
				SDKROOT = iphoneos;
				TARGETED_DEVICE_FAMILY = "1,2";
			};
			name = Debug;
		};
		1AC0FF451987C57D001921B0 /* Release */ = {
			isa = XCBuildConfiguration;
			buildSettings = {
				ALWAYS_SEARCH_USER_PATHS = NO;
				CLANG_CXX_LANGUAGE_STANDARD = "gnu++0x";
				CLANG_CXX_LIBRARY = "libc++";
				CLANG_ENABLE_MODULES = YES;
				CLANG_ENABLE_OBJC_ARC = YES;
				CLANG_WARN_BOOL_CONVERSION = YES;
				CLANG_WARN_CONSTANT_CONVERSION = YES;
				CLANG_WARN_DIRECT_OBJC_ISA_USAGE = YES_ERROR;
				CLANG_WARN_EMPTY_BODY = YES;
				CLANG_WARN_ENUM_CONVERSION = YES;
				CLANG_WARN_INT_CONVERSION = YES;
				CLANG_WARN_OBJC_ROOT_CLASS = YES_ERROR;
				CLANG_WARN__DUPLICATE_METHOD_MATCH = YES;
				"CODE_SIGN_IDENTITY[sdk=iphoneos*]" = "iPhone Developer";
				COPY_PHASE_STRIP = YES;
				ENABLE_NS_ASSERTIONS = NO;
				GCC_C_LANGUAGE_STANDARD = gnu99;
				GCC_WARN_64_TO_32_BIT_CONVERSION = YES;
				GCC_WARN_ABOUT_RETURN_TYPE = YES_ERROR;
				GCC_WARN_UNDECLARED_SELECTOR = YES;
				GCC_WARN_UNINITIALIZED_AUTOS = YES_AGGRESSIVE;
				GCC_WARN_UNUSED_FUNCTION = YES;
				GCC_WARN_UNUSED_VARIABLE = YES;
				IPHONEOS_DEPLOYMENT_TARGET = 7.1;
				SDKROOT = iphoneos;
				TARGETED_DEVICE_FAMILY = "1,2";
				VALIDATE_PRODUCT = YES;
			};
			name = Release;
		};
		1AC0FF471987C57D001921B0 /* Debug */ = {
			isa = XCBuildConfiguration;
			buildSettings = {
				ASSETCATALOG_COMPILER_APPICON_NAME = AppIcon;
				ASSETCATALOG_COMPILER_LAUNCHIMAGE_NAME = LaunchImage;
				GCC_PRECOMPILE_PREFIX_HEADER = YES;
				GCC_PREFIX_HEADER = "YiBai/YiBai-Prefix.pch";
				INFOPLIST_FILE = "YiBai/YiBai-Info.plist";
				PRODUCT_NAME = "$(TARGET_NAME)";
				WRAPPER_EXTENSION = app;
			};
			name = Debug;
		};
		1AC0FF481987C57D001921B0 /* Release */ = {
			isa = XCBuildConfiguration;
			buildSettings = {
				ASSETCATALOG_COMPILER_APPICON_NAME = AppIcon;
				ASSETCATALOG_COMPILER_LAUNCHIMAGE_NAME = LaunchImage;
				GCC_PRECOMPILE_PREFIX_HEADER = YES;
				GCC_PREFIX_HEADER = "YiBai/YiBai-Prefix.pch";
				INFOPLIST_FILE = "YiBai/YiBai-Info.plist";
				PRODUCT_NAME = "$(TARGET_NAME)";
				WRAPPER_EXTENSION = app;
			};
			name = Release;
		};
		1AC0FF4A1987C57D001921B0 /* Debug */ = {
			isa = XCBuildConfiguration;
			buildSettings = {
				BUNDLE_LOADER = "$(BUILT_PRODUCTS_DIR)/YiBai.app/YiBai";
				FRAMEWORK_SEARCH_PATHS = (
					"$(SDKROOT)/Developer/Library/Frameworks",
					"$(inherited)",
					"$(DEVELOPER_FRAMEWORKS_DIR)",
				);
				GCC_PRECOMPILE_PREFIX_HEADER = YES;
				GCC_PREFIX_HEADER = "YiBai/YiBai-Prefix.pch";
				GCC_PREPROCESSOR_DEFINITIONS = (
					"DEBUG=1",
					"$(inherited)",
				);
				INFOPLIST_FILE = "YiBaiTests/YiBaiTests-Info.plist";
				PRODUCT_NAME = "$(TARGET_NAME)";
				TEST_HOST = "$(BUNDLE_LOADER)";
				WRAPPER_EXTENSION = xctest;
			};
			name = Debug;
		};
		1AC0FF4B1987C57D001921B0 /* Release */ = {
			isa = XCBuildConfiguration;
			buildSettings = {
				BUNDLE_LOADER = "$(BUILT_PRODUCTS_DIR)/YiBai.app/YiBai";
				FRAMEWORK_SEARCH_PATHS = (
					"$(SDKROOT)/Developer/Library/Frameworks",
					"$(inherited)",
					"$(DEVELOPER_FRAMEWORKS_DIR)",
				);
				GCC_PRECOMPILE_PREFIX_HEADER = YES;
				GCC_PREFIX_HEADER = "YiBai/YiBai-Prefix.pch";
				INFOPLIST_FILE = "YiBaiTests/YiBaiTests-Info.plist";
				PRODUCT_NAME = "$(TARGET_NAME)";
				TEST_HOST = "$(BUNDLE_LOADER)";
				WRAPPER_EXTENSION = xctest;
			};
			name = Release;
		};
/* End XCBuildConfiguration section */

/* Begin XCConfigurationList section */
		1AC0FF151987C57D001921B0 /* Build configuration list for PBXProject "YiBai" */ = {
			isa = XCConfigurationList;
			buildConfigurations = (
				1AC0FF441987C57D001921B0 /* Debug */,
				1AC0FF451987C57D001921B0 /* Release */,
			);
			defaultConfigurationIsVisible = 0;
			defaultConfigurationName = Release;
		};
		1AC0FF461987C57D001921B0 /* Build configuration list for PBXNativeTarget "YiBai" */ = {
			isa = XCConfigurationList;
			buildConfigurations = (
				1AC0FF471987C57D001921B0 /* Debug */,
				1AC0FF481987C57D001921B0 /* Release */,
			);
			defaultConfigurationIsVisible = 0;
		};
		1AC0FF491987C57D001921B0 /* Build configuration list for PBXNativeTarget "YiBaiTests" */ = {
			isa = XCConfigurationList;
			buildConfigurations = (
				1AC0FF4A1987C57D001921B0 /* Debug */,
				1AC0FF4B1987C57D001921B0 /* Release */,
			);
			defaultConfigurationIsVisible = 0;
		};
/* End XCConfigurationList section */
	};
	rootObject = 1AC0FF121987C57D001921B0 /* Project object */;
}
